
Microsoft Visual Studio Solution File, Format Version 12.00
# Visual Studio Version 17
VisualStudioVersion = 17.7.34202.233
MinimumVisualStudioVersion = 10.0.40219.1
Project("{FAE04EC0-301F-11D3-BF4B-00C04F79EFBC}") = "ClassAssignment", "ClassAssignment.csproj", "{F036388E-D964-4947-8ABB-1C21C2C49365}"
EndProject
Global
	GlobalSection(SolutionConfigurationPlatforms) = preSolution
		Debug|Any CPU = Debug|Any CPU
		Release|Any CPU = Release|Any CPU
	EndGlobalSection
	GlobalSection(ProjectConfigurationPlatforms) = postSolution
		{F036388E-D964-4947-8ABB-1C21C2C49365}.Debug|Any CPU.ActiveCfg = Debug|Any CPU
		{F036388E-D964-4947-8ABB-1C21C2C49365}.Debug|Any CPU.Build.0 = Debug|Any CPU
		{F036388E-D964-4947-8ABB-1C21C2C49365}.Release|Any CPU.ActiveCfg = Release|Any CPU
		{F036388E-D964-4947-8ABB-1C21C2C49365}.Release|Any CPU.Build.0 = Release|Any CPU
	EndGlobalSection
	GlobalSection(SolutionProperties) = preSolution
		HideSolutionNode = FALSE
	EndGlobalSection
	GlobalSection(ExtensibilityGlobals) = postSolution
		SolutionGuid = {8614BDB1-A0F8-4758-A4A1-E50AF0B6519D}
	EndGlobalSection
EndGlobal
